// !$*UTF8*$!
{
	archiveVersion = 1;
	classes = {
	};
	objectVersion = 77;
	objects = {

/* Begin PBXBuildFile section */
		021A039E220940CD2E12304A /* NavigationStore.swift in Sources */ = {isa = PBXBuildFile; fileRef = 840D50097382434B0D123ACB /* NavigationStore.swift */; };
		02AC6FBAE68011749AA17644 /* ClinchCalculatorTests.swift in Sources */ = {isa = PBXBuildFile; fileRef = B3893B13276074EF6033CEA2 /* ClinchCalculatorTests.swift */; };
		063FCD6AA342CA5D64ED79ED /* HistoryStore.swift in Sources */ = {isa = PBXBuildFile; fileRef = F013CD37874EFB0FA1CB4261 /* HistoryStore.swift */; };
		08251EFB3181B634553CDCE1 /* TaxiSquadView.swift in Sources */ = {isa = PBXBuildFile; fileRef = 57940AEB84889A20016648F2 /* TaxiSquadView.swift */; };
		0C2B77E0A46ECE55AE8CE46F /* DivisionBadge.swift in Sources */ = {isa = PBXBuildFile; fileRef = 2B670A3A0762D22FB3202E1E /* DivisionBadge.swift */; };
		114998283E6705D075ED2CA7 /* League.swift in Sources */ = {isa = PBXBuildFile; fileRef = FD88B55D96BD7C519B6B65B6 /* League.swift */; };
		133F58C70F4FA02676079E9A /* RulesStore.swift in Sources */ = {isa = PBXBuildFile; fileRef = 5FDC8A9B02A2BFD83398D04F /* RulesStore.swift */; };
		143F0C4F56D88430BDC07B2A /* SeasonPickerBar.swift in Sources */ = {isa = PBXBuildFile; fileRef = FD5AF5657020E1DBB5CB8886 /* SeasonPickerBar.swift */; };
		16F47DD114B2470F88D007A5 /* MatchupsView.swift in Sources */ = {isa = PBXBuildFile; fileRef = 8521885A7FF4C6910DFBF549 /* MatchupsView.swift */; };
		194BED1749B3F623C8D732DE /* XomperColors.swift in Sources */ = {isa = PBXBuildFile; fileRef = C82B0FEAAB9BC80BA0801E98 /* XomperColors.swift */; };
		1A9D12F3D247BD472801D26D /* XomperApp.swift in Sources */ = {isa = PBXBuildFile; fileRef = A8BD31456E25771C8D7D39C9 /* XomperApp.swift */; };
		1C4049A62CC4A443AC38E464 /* Draft.swift in Sources */ = {isa = PBXBuildFile; fileRef = 7EECC0AA469B6BEE9D1AEFFE /* Draft.swift */; };
		1D279CC4379E6F068F2615DE /* RuleProposalFormView.swift in Sources */ = {isa = PBXBuildFile; fileRef = 2B6C68E1131F2BBBE625DEAF /* RuleProposalFormView.swift */; };
		1D74425C19EE5C00589214C3 /* TaxiSquadPlayer.swift in Sources */ = {isa = PBXBuildFile; fileRef = A2DA1B65780757E6CC78CD61 /* TaxiSquadPlayer.swift */; };
		2378DF41F2BB3933117897A7 /* MatchupHistory.swift in Sources */ = {isa = PBXBuildFile; fileRef = 45B52D5FD69B62417928B713 /* MatchupHistory.swift */; };
		284F17C4CD26363D19756E03 /* TrayProfileCard.swift in Sources */ = {isa = PBXBuildFile; fileRef = FF3FE7B1A468AA2569D95B20 /* TrayProfileCard.swift */; };
		2F09FBAE23D8109C931D63A9 /* XomperTheme.swift in Sources */ = {isa = PBXBuildFile; fileRef = 1FBB5433786555EDDBC896C7 /* XomperTheme.swift */; };
		2F50FD9BC26550139DAD2E96 /* Config.swift in Sources */ = {isa = PBXBuildFile; fileRef = E7F510E2F428E107F1AD75CD /* Config.swift */; };
		2F60B09D13BABD5E49B3DCBF /* MainShell.swift in Sources */ = {isa = PBXBuildFile; fileRef = F4A254D17EF062523E09C9D4 /* MainShell.swift */; };
		366C0075FA9F4ABA1C88C1A9 /* Championship.swift in Sources */ = {isa = PBXBuildFile; fileRef = 18383A0375F5728A9E3FE065 /* Championship.swift */; };
		3B1DDBCA7B19B8703FAF717E /* DrawerScrim.swift in Sources */ = {isa = PBXBuildFile; fileRef = 8D921732971689E8096F9549 /* DrawerScrim.swift */; };
		3B67875F822BE9AA9BD052EF /* DraftHistoryView.swift in Sources */ = {isa = PBXBuildFile; fileRef = B6060C3A4F2B355757F1E3A2 /* DraftHistoryView.swift */; };
		3E5A98150356BEB75FD87145 /* Supabase in Frameworks */ = {isa = PBXBuildFile; productRef = 72178EB48829A7D249085476 /* Supabase */; };
		40C507B6FB2EF2A7E647AA3C /* TeamStore.swift in Sources */ = {isa = PBXBuildFile; fileRef = 36A01820FD0F6643BBF8511D /* TeamStore.swift */; };
		427F23653F78A52108C55692 /* XomperLoader.swift in Sources */ = {isa = PBXBuildFile; fileRef = DE3B178733D5AF9EB7DA7189 /* XomperLoader.swift */; };
		4B629DB100C96EB68A6A9A41 /* SearchResults.swift in Sources */ = {isa = PBXBuildFile; fileRef = 323F422F2D0E1C2BA5D46C0A /* SearchResults.swift */; };
		4DB9374CF45A69E97C02FC94 /* PlayerDetailView.swift in Sources */ = {isa = PBXBuildFile; fileRef = BC44D14381C74E97D8AF868F /* PlayerDetailView.swift */; };
		4E0CAC9964BF3F2B59EDD844 /* DraftHistory.swift in Sources */ = {isa = PBXBuildFile; fileRef = A789B8D49FA4430886626289 /* DraftHistory.swift */; };
		51BD6DAC467108079C465193 /* SearchResultGroup.swift in Sources */ = {isa = PBXBuildFile; fileRef = F6F606D0624D23D47A171D26 /* SearchResultGroup.swift */; };
		54863F3F6ECDD3BE00083582 /* Roster.swift in Sources */ = {isa = PBXBuildFile; fileRef = AE543CB2E49335ADD02E8000 /* Roster.swift */; };
		556BA960B3DFFACAB2F3DFA6 /* EnvironmentValues+Season.swift in Sources */ = {isa = PBXBuildFile; fileRef = 6504EE31A645398C41BC2ED1 /* EnvironmentValues+Season.swift */; };
		578172B9CCF7AD92CB66821E /* ContentView.swift in Sources */ = {isa = PBXBuildFile; fileRef = 22D61F12E32D7C81FCA8F8CE /* ContentView.swift */; };
		57C17293587E8DBED9A14970 /* TradedPick.swift in Sources */ = {isa = PBXBuildFile; fileRef = 9F49969EE42BDE6462664021 /* TradedPick.swift */; };
		6010F16122E110BA50642611 /* CareerStats.swift in Sources */ = {isa = PBXBuildFile; fileRef = AD43D54AB620DABD559F8A40 /* CareerStats.swift */; };
		602B6E0F6BCF1DA7E3D75F07 /* AuthStore.swift in Sources */ = {isa = PBXBuildFile; fileRef = 536B3E71286A0BC3A7CD8DA6 /* AuthStore.swift */; };
		60FB3A9B54EAB11F015C1828 /* ErrorView.swift in Sources */ = {isa = PBXBuildFile; fileRef = DC24A8748C940FC57B142AFF /* ErrorView.swift */; };
		61EBC3AC052763EAAC807AC9 /* WorldCup.swift in Sources */ = {isa = PBXBuildFile; fileRef = E969C4A894017F9D0072CCFA /* WorldCup.swift */; };
		65444EF8D83F3582CE2FC023 /* TrophyCaseSection.swift in Sources */ = {isa = PBXBuildFile; fileRef = B94B6AD01FF1F85D81B5A5DE /* TrophyCaseSection.swift */; };
		65DC95B6907B22347616C3D7 /* SleeperAPIClient.swift in Sources */ = {isa = PBXBuildFile; fileRef = DB1FE16B5220928685DCF19E /* SleeperAPIClient.swift */; };
		6C89029D05AEE66FB2315616 /* Profile.swift in Sources */ = {isa = PBXBuildFile; fileRef = 42C8A3FA617E9FEB48852C45 /* Profile.swift */; };
		724482308D102AFA35AB4017 /* LeagueStore.swift in Sources */ = {isa = PBXBuildFile; fileRef = 56BB91320E3D5EBE1F777838 /* LeagueStore.swift */; };
		72FF7B4516B2DCDAE4683B9D /* EmptyStateView.swift in Sources */ = {isa = PBXBuildFile; fileRef = A83A8FEFFD8FA91F498D03A0 /* EmptyStateView.swift */; };
		7607DB7C775FCCC3B7C3377B /* StandingsTeam.swift in Sources */ = {isa = PBXBuildFile; fileRef = B29D510D87CD290AE7F76FBF /* StandingsTeam.swift */; };
		76260F26A40213A62E5F22FB /* RecordBadge.swift in Sources */ = {isa = PBXBuildFile; fileRef = 1AD376EFB7AD4A192FAB3E8F /* RecordBadge.swift */; };
		775985FFAD33E6481C34174A /* TrophyCaseCard.swift in Sources */ = {isa = PBXBuildFile; fileRef = BD2908776CDAC0CACB28B4B1 /* TrophyCaseCard.swift */; };
		77A0EFCEE4340D3A7853BF08 /* ProfileView.swift in Sources */ = {isa = PBXBuildFile; fileRef = 43685B0C212A644C0EF202E5 /* ProfileView.swift */; };
		77CFB7F9C5E4975E6350662B /* SettingsView.swift in Sources */ = {isa = PBXBuildFile; fileRef = C3AFC2ADE424F95E3121BF22 /* SettingsView.swift */; };
		78094B6DF90F54E0FA59898A /* TrayDestination.swift in Sources */ = {isa = PBXBuildFile; fileRef = E70E04168BDBA7D3372BB605 /* TrayDestination.swift */; };
		7D94ADAC136455C3056D5867 /* PushNotificationManager.swift in Sources */ = {isa = PBXBuildFile; fileRef = CEAEC7A4917990425085AE71 /* PushNotificationManager.swift */; };
		7E34464209AAF9EC6801191A /* NflState.swift in Sources */ = {isa = PBXBuildFile; fileRef = E1E5A60EE78F668F02CF63C0 /* NflState.swift */; };
		7EA8F8FCEFFE3C165655208C /* MatchupHistoryView.swift in Sources */ = {isa = PBXBuildFile; fileRef = DF491605034E9F8C00BC0572 /* MatchupHistoryView.swift */; };
		80E6A85F05ED2AFFC648FAFA /* RulesView.swift in Sources */ = {isa = PBXBuildFile; fileRef = C9382BCB18DFEB416A50A039 /* RulesView.swift */; };
		817EEBDA82021E74A830E1B3 /* DrawerView.swift in Sources */ = {isa = PBXBuildFile; fileRef = ED3E9ADC138A5F405E59389C /* DrawerView.swift */; };
		83E71E429B2F8B4B7AEBAB96 /* LoadingView.swift in Sources */ = {isa = PBXBuildFile; fileRef = DBD0F6820960B354EAB3E89D /* LoadingView.swift */; };
		86412A35609319AF08D413D3 /* TaxiSquadStore.swift in Sources */ = {isa = PBXBuildFile; fileRef = 6387E34B6FA70159F3F9D80A /* TaxiSquadStore.swift */; };
		8C67D3AAFE5A0A124BDE5F1A /* AppRouter.swift in Sources */ = {isa = PBXBuildFile; fileRef = 5EABD25CAB8BF973C4709720 /* AppRouter.swift */; };
		8E8B3EC17A43676ACA176FC3 /* Assets.xcassets in Resources */ = {isa = PBXBuildFile; fileRef = 6F2D6E80C100927C4C20FAD7 /* Assets.xcassets */; };
		901F54CB41785D269CC63160 /* WorldCupStore.swift in Sources */ = {isa = PBXBuildFile; fileRef = 43E1C6D5A18697DE79586C1B /* WorldCupStore.swift */; };
		9134D2C8A8737083C9FB8F7F /* ClinchCalculator.swift in Sources */ = {isa = PBXBuildFile; fileRef = 3728C5F6BEF61FE509A3EA32 /* ClinchCalculator.swift */; };
		95DE1C46E20BF6910D4E5447 /* TrayItem.swift in Sources */ = {isa = PBXBuildFile; fileRef = 3E4EC7FDB93C47A9EE601BA3 /* TrayItem.swift */; };
		98F895FBCECB23325658339C /* StandingsView.swift in Sources */ = {isa = PBXBuildFile; fileRef = E6A47FD1CF3BE7AE0B940DEC /* StandingsView.swift */; };
		9D9E8D2C4A8A0C623AC1EF0D /* AppDelegate.swift in Sources */ = {isa = PBXBuildFile; fileRef = E767CD5492176E84C2092B0F /* AppDelegate.swift */; };
		9E5C71DAB504EDCDF2084DF3 /* MyProfileView.swift in Sources */ = {isa = PBXBuildFile; fileRef = 558164667DF7D89C4DF2F32E /* MyProfileView.swift */; };
		A28A24923C27CF0929ED97E1 /* Double+Formatting.swift in Sources */ = {isa = PBXBuildFile; fileRef = 669A80C2A9F46A0C4612388C /* Double+Formatting.swift */; };
		A379F9D71FE84EC4F3A2499C /* SearchStore.swift in Sources */ = {isa = PBXBuildFile; fileRef = E0C5F37100E6EBB467EBFE1C /* SearchStore.swift */; };
		A4D93DF4C02A8DE6C695CE4D /* LoginView.swift in Sources */ = {isa = PBXBuildFile; fileRef = 9E94170F987E8EFE5C566B9B /* LoginView.swift */; };
		B48B9F6061A67CFC74A096CC /* StandingsStore.swift in Sources */ = {isa = PBXBuildFile; fileRef = 957EE31D25CFE325633622D4 /* StandingsStore.swift */; };
		B7EB06298BFBF6AC76ABF53E /* TeamView.swift in Sources */ = {isa = PBXBuildFile; fileRef = F51CC9357B13AB7ADD9C8586 /* TeamView.swift */; };
		BB91E92DC29E6ECA5E1F0DEC /* SeasonStore.swift in Sources */ = {isa = PBXBuildFile; fileRef = D7F3F1A18F4EEC5A3F81FD28 /* SeasonStore.swift */; };
		BBBE8D43F297A49A915AA789 /* WorldCupView.swift in Sources */ = {isa = PBXBuildFile; fileRef = 44F83A5F997AF6E13C98660E /* WorldCupView.swift */; };
		BDD14CA33B905F7A31910B1D /* SupabaseManager.swift in Sources */ = {isa = PBXBuildFile; fileRef = 10CD226D313FDD91E4037D8E /* SupabaseManager.swift */; };
		C1D86EAE02F0D6EA70291876 /* AvatarView.swift in Sources */ = {isa = PBXBuildFile; fileRef = ECC70812B3E7E07BA6658A54 /* AvatarView.swift */; };
		C381DCE8472D2F88B04FCBDA /* CareerStatsSection.swift in Sources */ = {isa = PBXBuildFile; fileRef = 72CFD764A2BA7FF93B318A7F /* CareerStatsSection.swift */; };
		C9D656F4702A3483BB8E970C /* Player.swift in Sources */ = {isa = PBXBuildFile; fileRef = 22A99CAA9B57C1A0144DCA22 /* Player.swift */; };
		CB47F51AA46AEBC59183C449 /* PlayoffBracketView.swift in Sources */ = {isa = PBXBuildFile; fileRef = 581D4F6F3EB8FC0547F49927 /* PlayoffBracketView.swift */; };
		CDA1A124C81E1FF5127BEE2C /* TraySection.swift in Sources */ = {isa = PBXBuildFile; fileRef = E1A497DF9DD9066BD24A1E19 /* TraySection.swift */; };
		CF4CEF4E2FE7A891950A2E17 /* NflStateStore.swift in Sources */ = {isa = PBXBuildFile; fileRef = 94E125AD2AA5212D0EB4C13A /* NflStateStore.swift */; };
		CFE915FD4020FDEB923157C2 /* RuleProposal.swift in Sources */ = {isa = PBXBuildFile; fileRef = 9B7C85CB880ABD7D373E49A6 /* RuleProposal.swift */; };
		D09FC43EBE71A0DFF28B83D2 /* MatchupDetailView.swift in Sources */ = {isa = PBXBuildFile; fileRef = 6F2C7D74B3584D53CE601054 /* MatchupDetailView.swift */; };
		D106F60A597D780F32FFA5E8 /* Matchup.swift in Sources */ = {isa = PBXBuildFile; fileRef = C83EF3C6C93199CF3FCBAE42 /* Matchup.swift */; };
		D78D5302B3D17DE9BE7D557C /* AuthGateView.swift in Sources */ = {isa = PBXBuildFile; fileRef = BB5E661424C55F695BF96281 /* AuthGateView.swift */; };
		D7A95C32621E03E2AAB37327 /* TaxiStealConfirmView.swift in Sources */ = {isa = PBXBuildFile; fileRef = B66A2C896FE4C62CF9719D7A /* TaxiStealConfirmView.swift */; };
		E1D933F9B0C3E87F9C1C907A /* XomperAPIClient.swift in Sources */ = {isa = PBXBuildFile; fileRef = 89FC018282A1F1D8B2FD1B60 /* XomperAPIClient.swift */; };
		E2EC532916CAA2FBB779DB35 /* UserStore.swift in Sources */ = {isa = PBXBuildFile; fileRef = 62948D0A455E7CE99B15CB75 /* UserStore.swift */; };
		EDDACB3FFB20E468D9D9D67D /* HeaderBar.swift in Sources */ = {isa = PBXBuildFile; fileRef = F1E7D0FD804723AC6A3E4298 /* HeaderBar.swift */; };
		F201A3A40D624F6AAA0C0CC1 /* PlayoffBracket.swift in Sources */ = {isa = PBXBuildFile; fileRef = 6B160A8ED14F5BE08B79C7FA /* PlayoffBracket.swift */; };
		F57132F0D80EAB60AC0E07F3 /* WhitelistedLeague.swift in Sources */ = {isa = PBXBuildFile; fileRef = 3747C6FC769C117588F8A93E /* WhitelistedLeague.swift */; };
		F5AD059EF52A068C469AFB6E /* URL+Sleeper.swift in Sources */ = {isa = PBXBuildFile; fileRef = F2452A5AEC270BE14CC085E1 /* URL+Sleeper.swift */; };
		F7E0A8B9AECD0291527E0D0E /* SearchView.swift in Sources */ = {isa = PBXBuildFile; fileRef = 42F46A0AAE61A4E963BB15B0 /* SearchView.swift */; };
		FAE7847413A293EF8CE9090C /* NFLTeamColors.swift in Sources */ = {isa = PBXBuildFile; fileRef = 09DF8F2FE857C55AFB1C1205 /* NFLTeamColors.swift */; };
		FCD03562C1879183A5DC02E2 /* PlayerStore.swift in Sources */ = {isa = PBXBuildFile; fileRef = CC3F6B5022E8151683A45F4F /* PlayerStore.swift */; };
/* End PBXBuildFile section */

/* Begin PBXContainerItemProxy section */
		79810B120AB5B95C9CAF22BA /* PBXContainerItemProxy */ = {
			isa = PBXContainerItemProxy;
			containerPortal = BC3354FD7288A47D76144A98 /* Project object */;
			proxyType = 1;
			remoteGlobalIDString = 01BCCBEA9A65778F086DA1AE;
			remoteInfo = Xomper;
		};
/* End PBXContainerItemProxy section */

/* Begin PBXFileReference section */
		09DF8F2FE857C55AFB1C1205 /* NFLTeamColors.swift */ = {isa = PBXFileReference; lastKnownFileType = sourcecode.swift; path = NFLTeamColors.swift; sourceTree = "<group>"; };
		10CD226D313FDD91E4037D8E /* SupabaseManager.swift */ = {isa = PBXFileReference; lastKnownFileType = sourcecode.swift; path = SupabaseManager.swift; sourceTree = "<group>"; };
		18383A0375F5728A9E3FE065 /* Championship.swift */ = {isa = PBXFileReference; lastKnownFileType = sourcecode.swift; path = Championship.swift; sourceTree = "<group>"; };
		1AD376EFB7AD4A192FAB3E8F /* RecordBadge.swift */ = {isa = PBXFileReference; lastKnownFileType = sourcecode.swift; path = RecordBadge.swift; sourceTree = "<group>"; };
		1FBB5433786555EDDBC896C7 /* XomperTheme.swift */ = {isa = PBXFileReference; lastKnownFileType = sourcecode.swift; path = XomperTheme.swift; sourceTree = "<group>"; };
		22A99CAA9B57C1A0144DCA22 /* Player.swift */ = {isa = PBXFileReference; lastKnownFileType = sourcecode.swift; path = Player.swift; sourceTree = "<group>"; };
		22D61F12E32D7C81FCA8F8CE /* ContentView.swift */ = {isa = PBXFileReference; lastKnownFileType = sourcecode.swift; path = ContentView.swift; sourceTree = "<group>"; };
		2B670A3A0762D22FB3202E1E /* DivisionBadge.swift */ = {isa = PBXFileReference; lastKnownFileType = sourcecode.swift; path = DivisionBadge.swift; sourceTree = "<group>"; };
		2B6C68E1131F2BBBE625DEAF /* RuleProposalFormView.swift */ = {isa = PBXFileReference; lastKnownFileType = sourcecode.swift; path = RuleProposalFormView.swift; sourceTree = "<group>"; };
		323F422F2D0E1C2BA5D46C0A /* SearchResults.swift */ = {isa = PBXFileReference; lastKnownFileType = sourcecode.swift; path = SearchResults.swift; sourceTree = "<group>"; };
		36A01820FD0F6643BBF8511D /* TeamStore.swift */ = {isa = PBXFileReference; lastKnownFileType = sourcecode.swift; path = TeamStore.swift; sourceTree = "<group>"; };
		3728C5F6BEF61FE509A3EA32 /* ClinchCalculator.swift */ = {isa = PBXFileReference; lastKnownFileType = sourcecode.swift; path = ClinchCalculator.swift; sourceTree = "<group>"; };
		3747C6FC769C117588F8A93E /* WhitelistedLeague.swift */ = {isa = PBXFileReference; lastKnownFileType = sourcecode.swift; path = WhitelistedLeague.swift; sourceTree = "<group>"; };
		3E4EC7FDB93C47A9EE601BA3 /* TrayItem.swift */ = {isa = PBXFileReference; lastKnownFileType = sourcecode.swift; path = TrayItem.swift; sourceTree = "<group>"; };
		42C8A3FA617E9FEB48852C45 /* Profile.swift */ = {isa = PBXFileReference; lastKnownFileType = sourcecode.swift; path = Profile.swift; sourceTree = "<group>"; };
		42F46A0AAE61A4E963BB15B0 /* SearchView.swift */ = {isa = PBXFileReference; lastKnownFileType = sourcecode.swift; path = SearchView.swift; sourceTree = "<group>"; };
		43685B0C212A644C0EF202E5 /* ProfileView.swift */ = {isa = PBXFileReference; lastKnownFileType = sourcecode.swift; path = ProfileView.swift; sourceTree = "<group>"; };
		43E1C6D5A18697DE79586C1B /* WorldCupStore.swift */ = {isa = PBXFileReference; lastKnownFileType = sourcecode.swift; path = WorldCupStore.swift; sourceTree = "<group>"; };
		44F83A5F997AF6E13C98660E /* WorldCupView.swift */ = {isa = PBXFileReference; lastKnownFileType = sourcecode.swift; path = WorldCupView.swift; sourceTree = "<group>"; };
		45B52D5FD69B62417928B713 /* MatchupHistory.swift */ = {isa = PBXFileReference; lastKnownFileType = sourcecode.swift; path = MatchupHistory.swift; sourceTree = "<group>"; };
		460030AF84E8D0E83D8F5896 /* Xomper.app */ = {isa = PBXFileReference; includeInIndex = 0; lastKnownFileType = wrapper.application; path = Xomper.app; sourceTree = BUILT_PRODUCTS_DIR; };
		536B3E71286A0BC3A7CD8DA6 /* AuthStore.swift */ = {isa = PBXFileReference; lastKnownFileType = sourcecode.swift; path = AuthStore.swift; sourceTree = "<group>"; };
		558164667DF7D89C4DF2F32E /* MyProfileView.swift */ = {isa = PBXFileReference; lastKnownFileType = sourcecode.swift; path = MyProfileView.swift; sourceTree = "<group>"; };
		56BB91320E3D5EBE1F777838 /* LeagueStore.swift */ = {isa = PBXFileReference; lastKnownFileType = sourcecode.swift; path = LeagueStore.swift; sourceTree = "<group>"; };
		57940AEB84889A20016648F2 /* TaxiSquadView.swift */ = {isa = PBXFileReference; lastKnownFileType = sourcecode.swift; path = TaxiSquadView.swift; sourceTree = "<group>"; };
		581D4F6F3EB8FC0547F49927 /* PlayoffBracketView.swift */ = {isa = PBXFileReference; lastKnownFileType = sourcecode.swift; path = PlayoffBracketView.swift; sourceTree = "<group>"; };
		5EABD25CAB8BF973C4709720 /* AppRouter.swift */ = {isa = PBXFileReference; lastKnownFileType = sourcecode.swift; path = AppRouter.swift; sourceTree = "<group>"; };
		5FDC8A9B02A2BFD83398D04F /* RulesStore.swift */ = {isa = PBXFileReference; lastKnownFileType = sourcecode.swift; path = RulesStore.swift; sourceTree = "<group>"; };
		62948D0A455E7CE99B15CB75 /* UserStore.swift */ = {isa = PBXFileReference; lastKnownFileType = sourcecode.swift; path = UserStore.swift; sourceTree = "<group>"; };
		6387E34B6FA70159F3F9D80A /* TaxiSquadStore.swift */ = {isa = PBXFileReference; lastKnownFileType = sourcecode.swift; path = TaxiSquadStore.swift; sourceTree = "<group>"; };
		6504EE31A645398C41BC2ED1 /* EnvironmentValues+Season.swift */ = {isa = PBXFileReference; lastKnownFileType = sourcecode.swift; path = "EnvironmentValues+Season.swift"; sourceTree = "<group>"; };
		669A80C2A9F46A0C4612388C /* Double+Formatting.swift */ = {isa = PBXFileReference; lastKnownFileType = sourcecode.swift; path = "Double+Formatting.swift"; sourceTree = "<group>"; };
		6B160A8ED14F5BE08B79C7FA /* PlayoffBracket.swift */ = {isa = PBXFileReference; lastKnownFileType = sourcecode.swift; path = PlayoffBracket.swift; sourceTree = "<group>"; };
		6F2C7D74B3584D53CE601054 /* MatchupDetailView.swift */ = {isa = PBXFileReference; lastKnownFileType = sourcecode.swift; path = MatchupDetailView.swift; sourceTree = "<group>"; };
		6F2D6E80C100927C4C20FAD7 /* Assets.xcassets */ = {isa = PBXFileReference; lastKnownFileType = folder.assetcatalog; path = Assets.xcassets; sourceTree = "<group>"; };
		72CFD764A2BA7FF93B318A7F /* CareerStatsSection.swift */ = {isa = PBXFileReference; lastKnownFileType = sourcecode.swift; path = CareerStatsSection.swift; sourceTree = "<group>"; };
		7EECC0AA469B6BEE9D1AEFFE /* Draft.swift */ = {isa = PBXFileReference; lastKnownFileType = sourcecode.swift; path = Draft.swift; sourceTree = "<group>"; };
		840D50097382434B0D123ACB /* NavigationStore.swift */ = {isa = PBXFileReference; lastKnownFileType = sourcecode.swift; path = NavigationStore.swift; sourceTree = "<group>"; };
		8521885A7FF4C6910DFBF549 /* MatchupsView.swift */ = {isa = PBXFileReference; lastKnownFileType = sourcecode.swift; path = MatchupsView.swift; sourceTree = "<group>"; };
		89FC018282A1F1D8B2FD1B60 /* XomperAPIClient.swift */ = {isa = PBXFileReference; lastKnownFileType = sourcecode.swift; path = XomperAPIClient.swift; sourceTree = "<group>"; };
		8D921732971689E8096F9549 /* DrawerScrim.swift */ = {isa = PBXFileReference; lastKnownFileType = sourcecode.swift; path = DrawerScrim.swift; sourceTree = "<group>"; };
		94DF42654C9F48EE60C040F7 /* Info.plist */ = {isa = PBXFileReference; lastKnownFileType = text.plist; path = Info.plist; sourceTree = "<group>"; };
		94E125AD2AA5212D0EB4C13A /* NflStateStore.swift */ = {isa = PBXFileReference; lastKnownFileType = sourcecode.swift; path = NflStateStore.swift; sourceTree = "<group>"; };
		957EE31D25CFE325633622D4 /* StandingsStore.swift */ = {isa = PBXFileReference; lastKnownFileType = sourcecode.swift; path = StandingsStore.swift; sourceTree = "<group>"; };
		9B7C85CB880ABD7D373E49A6 /* RuleProposal.swift */ = {isa = PBXFileReference; lastKnownFileType = sourcecode.swift; path = RuleProposal.swift; sourceTree = "<group>"; };
		9E94170F987E8EFE5C566B9B /* LoginView.swift */ = {isa = PBXFileReference; lastKnownFileType = sourcecode.swift; path = LoginView.swift; sourceTree = "<group>"; };
		9F49969EE42BDE6462664021 /* TradedPick.swift */ = {isa = PBXFileReference; lastKnownFileType = sourcecode.swift; path = TradedPick.swift; sourceTree = "<group>"; };
		A2DA1B65780757E6CC78CD61 /* TaxiSquadPlayer.swift */ = {isa = PBXFileReference; lastKnownFileType = sourcecode.swift; path = TaxiSquadPlayer.swift; sourceTree = "<group>"; };
		A789B8D49FA4430886626289 /* DraftHistory.swift */ = {isa = PBXFileReference; lastKnownFileType = sourcecode.swift; path = DraftHistory.swift; sourceTree = "<group>"; };
		A83A8FEFFD8FA91F498D03A0 /* EmptyStateView.swift */ = {isa = PBXFileReference; lastKnownFileType = sourcecode.swift; path = EmptyStateView.swift; sourceTree = "<group>"; };
		A8BD31456E25771C8D7D39C9 /* XomperApp.swift */ = {isa = PBXFileReference; lastKnownFileType = sourcecode.swift; path = XomperApp.swift; sourceTree = "<group>"; };
		ACCFF9888476668EBE7AA0CC /* XomperTests.xctest */ = {isa = PBXFileReference; includeInIndex = 0; lastKnownFileType = wrapper.cfbundle; path = XomperTests.xctest; sourceTree = BUILT_PRODUCTS_DIR; };
		AD43D54AB620DABD559F8A40 /* CareerStats.swift */ = {isa = PBXFileReference; lastKnownFileType = sourcecode.swift; path = CareerStats.swift; sourceTree = "<group>"; };
		AE543CB2E49335ADD02E8000 /* Roster.swift */ = {isa = PBXFileReference; lastKnownFileType = sourcecode.swift; path = Roster.swift; sourceTree = "<group>"; };
		B29D510D87CD290AE7F76FBF /* StandingsTeam.swift */ = {isa = PBXFileReference; lastKnownFileType = sourcecode.swift; path = StandingsTeam.swift; sourceTree = "<group>"; };
		B3893B13276074EF6033CEA2 /* ClinchCalculatorTests.swift */ = {isa = PBXFileReference; lastKnownFileType = sourcecode.swift; path = ClinchCalculatorTests.swift; sourceTree = "<group>"; };
		B6060C3A4F2B355757F1E3A2 /* DraftHistoryView.swift */ = {isa = PBXFileReference; lastKnownFileType = sourcecode.swift; path = DraftHistoryView.swift; sourceTree = "<group>"; };
		B66A2C896FE4C62CF9719D7A /* TaxiStealConfirmView.swift */ = {isa = PBXFileReference; lastKnownFileType = sourcecode.swift; path = TaxiStealConfirmView.swift; sourceTree = "<group>"; };
		B94B6AD01FF1F85D81B5A5DE /* TrophyCaseSection.swift */ = {isa = PBXFileReference; lastKnownFileType = sourcecode.swift; path = TrophyCaseSection.swift; sourceTree = "<group>"; };
		BB5E661424C55F695BF96281 /* AuthGateView.swift */ = {isa = PBXFileReference; lastKnownFileType = sourcecode.swift; path = AuthGateView.swift; sourceTree = "<group>"; };
		BC44D14381C74E97D8AF868F /* PlayerDetailView.swift */ = {isa = PBXFileReference; lastKnownFileType = sourcecode.swift; path = PlayerDetailView.swift; sourceTree = "<group>"; };
		BD2908776CDAC0CACB28B4B1 /* TrophyCaseCard.swift */ = {isa = PBXFileReference; lastKnownFileType = sourcecode.swift; path = TrophyCaseCard.swift; sourceTree = "<group>"; };
		C1CD5644F6F8376CA86092AF /* Xomper.entitlements */ = {isa = PBXFileReference; lastKnownFileType = text.plist.entitlements; path = Xomper.entitlements; sourceTree = "<group>"; };
		C3AFC2ADE424F95E3121BF22 /* SettingsView.swift */ = {isa = PBXFileReference; lastKnownFileType = sourcecode.swift; path = SettingsView.swift; sourceTree = "<group>"; };
		C82B0FEAAB9BC80BA0801E98 /* XomperColors.swift */ = {isa = PBXFileReference; lastKnownFileType = sourcecode.swift; path = XomperColors.swift; sourceTree = "<group>"; };
		C83EF3C6C93199CF3FCBAE42 /* Matchup.swift */ = {isa = PBXFileReference; lastKnownFileType = sourcecode.swift; path = Matchup.swift; sourceTree = "<group>"; };
		C9382BCB18DFEB416A50A039 /* RulesView.swift */ = {isa = PBXFileReference; lastKnownFileType = sourcecode.swift; path = RulesView.swift; sourceTree = "<group>"; };
		CC3F6B5022E8151683A45F4F /* PlayerStore.swift */ = {isa = PBXFileReference; lastKnownFileType = sourcecode.swift; path = PlayerStore.swift; sourceTree = "<group>"; };
		CEAEC7A4917990425085AE71 /* PushNotificationManager.swift */ = {isa = PBXFileReference; lastKnownFileType = sourcecode.swift; path = PushNotificationManager.swift; sourceTree = "<group>"; };
		D7F3F1A18F4EEC5A3F81FD28 /* SeasonStore.swift */ = {isa = PBXFileReference; lastKnownFileType = sourcecode.swift; path = SeasonStore.swift; sourceTree = "<group>"; };
		DB1FE16B5220928685DCF19E /* SleeperAPIClient.swift */ = {isa = PBXFileReference; lastKnownFileType = sourcecode.swift; path = SleeperAPIClient.swift; sourceTree = "<group>"; };
		DBD0F6820960B354EAB3E89D /* LoadingView.swift */ = {isa = PBXFileReference; lastKnownFileType = sourcecode.swift; path = LoadingView.swift; sourceTree = "<group>"; };
		DC24A8748C940FC57B142AFF /* ErrorView.swift */ = {isa = PBXFileReference; lastKnownFileType = sourcecode.swift; path = ErrorView.swift; sourceTree = "<group>"; };
		DE3B178733D5AF9EB7DA7189 /* XomperLoader.swift */ = {isa = PBXFileReference; lastKnownFileType = sourcecode.swift; path = XomperLoader.swift; sourceTree = "<group>"; };
		DF491605034E9F8C00BC0572 /* MatchupHistoryView.swift */ = {isa = PBXFileReference; lastKnownFileType = sourcecode.swift; path = MatchupHistoryView.swift; sourceTree = "<group>"; };
		E0C5F37100E6EBB467EBFE1C /* SearchStore.swift */ = {isa = PBXFileReference; lastKnownFileType = sourcecode.swift; path = SearchStore.swift; sourceTree = "<group>"; };
		E1A497DF9DD9066BD24A1E19 /* TraySection.swift */ = {isa = PBXFileReference; lastKnownFileType = sourcecode.swift; path = TraySection.swift; sourceTree = "<group>"; };
		E1E5A60EE78F668F02CF63C0 /* NflState.swift */ = {isa = PBXFileReference; lastKnownFileType = sourcecode.swift; path = NflState.swift; sourceTree = "<group>"; };
		E6A47FD1CF3BE7AE0B940DEC /* StandingsView.swift */ = {isa = PBXFileReference; lastKnownFileType = sourcecode.swift; path = StandingsView.swift; sourceTree = "<group>"; };
		E70E04168BDBA7D3372BB605 /* TrayDestination.swift */ = {isa = PBXFileReference; lastKnownFileType = sourcecode.swift; path = TrayDestination.swift; sourceTree = "<group>"; };
		E767CD5492176E84C2092B0F /* AppDelegate.swift */ = {isa = PBXFileReference; lastKnownFileType = sourcecode.swift; path = AppDelegate.swift; sourceTree = "<group>"; };
		E7F510E2F428E107F1AD75CD /* Config.swift */ = {isa = PBXFileReference; lastKnownFileType = sourcecode.swift; path = Config.swift; sourceTree = "<group>"; };
		E969C4A894017F9D0072CCFA /* WorldCup.swift */ = {isa = PBXFileReference; lastKnownFileType = sourcecode.swift; path = WorldCup.swift; sourceTree = "<group>"; };
		ECC70812B3E7E07BA6658A54 /* AvatarView.swift */ = {isa = PBXFileReference; lastKnownFileType = sourcecode.swift; path = AvatarView.swift; sourceTree = "<group>"; };
		ED3E9ADC138A5F405E59389C /* DrawerView.swift */ = {isa = PBXFileReference; lastKnownFileType = sourcecode.swift; path = DrawerView.swift; sourceTree = "<group>"; };
		F013CD37874EFB0FA1CB4261 /* HistoryStore.swift */ = {isa = PBXFileReference; lastKnownFileType = sourcecode.swift; path = HistoryStore.swift; sourceTree = "<group>"; };
		F1E7D0FD804723AC6A3E4298 /* HeaderBar.swift */ = {isa = PBXFileReference; lastKnownFileType = sourcecode.swift; path = HeaderBar.swift; sourceTree = "<group>"; };
		F2452A5AEC270BE14CC085E1 /* URL+Sleeper.swift */ = {isa = PBXFileReference; lastKnownFileType = sourcecode.swift; path = "URL+Sleeper.swift"; sourceTree = "<group>"; };
		F4A254D17EF062523E09C9D4 /* MainShell.swift */ = {isa = PBXFileReference; lastKnownFileType = sourcecode.swift; path = MainShell.swift; sourceTree = "<group>"; };
		F51CC9357B13AB7ADD9C8586 /* TeamView.swift */ = {isa = PBXFileReference; lastKnownFileType = sourcecode.swift; path = TeamView.swift; sourceTree = "<group>"; };
		F6F606D0624D23D47A171D26 /* SearchResultGroup.swift */ = {isa = PBXFileReference; lastKnownFileType = sourcecode.swift; path = SearchResultGroup.swift; sourceTree = "<group>"; };
		FD5AF5657020E1DBB5CB8886 /* SeasonPickerBar.swift */ = {isa = PBXFileReference; lastKnownFileType = sourcecode.swift; path = SeasonPickerBar.swift; sourceTree = "<group>"; };
		FD88B55D96BD7C519B6B65B6 /* League.swift */ = {isa = PBXFileReference; lastKnownFileType = sourcecode.swift; path = League.swift; sourceTree = "<group>"; };
		FF3FE7B1A468AA2569D95B20 /* TrayProfileCard.swift */ = {isa = PBXFileReference; lastKnownFileType = sourcecode.swift; path = TrayProfileCard.swift; sourceTree = "<group>"; };
/* End PBXFileReference section */

/* Begin PBXFrameworksBuildPhase section */
		0B705087252B401117FD2A43 /* Frameworks */ = {
			isa = PBXFrameworksBuildPhase;
			buildActionMask = 2147483647;
			files = (
				3E5A98150356BEB75FD87145 /* Supabase in Frameworks */,
			);
			runOnlyForDeploymentPostprocessing = 0;
		};
/* End PBXFrameworksBuildPhase section */

/* Begin PBXGroup section */
		17EC53AFD40D386BDC28634C /* Navigation */ = {
			isa = PBXGroup;
			children = (
				5EABD25CAB8BF973C4709720 /* AppRouter.swift */,
			);
			path = Navigation;
			sourceTree = "<group>";
		};
		18DB797ECD581E0649842AFC /* Profile */ = {
			isa = PBXGroup;
			children = (
				72CFD764A2BA7FF93B318A7F /* CareerStatsSection.swift */,
				558164667DF7D89C4DF2F32E /* MyProfileView.swift */,
				43685B0C212A644C0EF202E5 /* ProfileView.swift */,
				C3AFC2ADE424F95E3121BF22 /* SettingsView.swift */,
				BD2908776CDAC0CACB28B4B1 /* TrophyCaseCard.swift */,
				B94B6AD01FF1F85D81B5A5DE /* TrophyCaseSection.swift */,
			);
			path = Profile;
			sourceTree = "<group>";
		};
		258608C1F12AB1DDE8EA751F /* Networking */ = {
			isa = PBXGroup;
			children = (
				DB1FE16B5220928685DCF19E /* SleeperAPIClient.swift */,
				10CD226D313FDD91E4037D8E /* SupabaseManager.swift */,
				89FC018282A1F1D8B2FD1B60 /* XomperAPIClient.swift */,
			);
			path = Networking;
			sourceTree = "<group>";
		};
		27302FD4ACE49B1C63222F13 /* App */ = {
			isa = PBXGroup;
			children = (
				E767CD5492176E84C2092B0F /* AppDelegate.swift */,
				22D61F12E32D7C81FCA8F8CE /* ContentView.swift */,
				A8BD31456E25771C8D7D39C9 /* XomperApp.swift */,
			);
			path = App;
			sourceTree = "<group>";
		};
		27CD6E130AD93E0D7EAA4B67 /* Features */ = {
			isa = PBXGroup;
			children = (
				390D24DCB17100460C0E682A /* Auth */,
				EB7304EC920FBEC53F6E4CEB /* DraftHistory */,
				7DEC053904198785F4461D4A /* Home */,
				47014533E72495E9E9DC8F74 /* League */,
				2D1CA584D084FE022DC6401D /* MatchupHistory */,
				18DB797ECD581E0649842AFC /* Profile */,
				CF0EB2B68A2AB44A16E88FB9 /* Shared */,
				FFD6BDBF7A1FAEFC60A31509 /* Shell */,
				6901B56E6449F5FCF4E986E7 /* TaxiSquad */,
				3E62B7EC555EA6961ADE3151 /* Team */,
			);
			path = Features;
			sourceTree = "<group>";
		};
		2D1CA584D084FE022DC6401D /* MatchupHistory */ = {
			isa = PBXGroup;
			children = (
				DF491605034E9F8C00BC0572 /* MatchupHistoryView.swift */,
			);
			path = MatchupHistory;
			sourceTree = "<group>";
		};
		390D24DCB17100460C0E682A /* Auth */ = {
			isa = PBXGroup;
			children = (
				BB5E661424C55F695BF96281 /* AuthGateView.swift */,
				9E94170F987E8EFE5C566B9B /* LoginView.swift */,
			);
			path = Auth;
			sourceTree = "<group>";
		};
		391A14F36D43146CBE38D666 /* XomperTests */ = {
			isa = PBXGroup;
			children = (
				B3893B13276074EF6033CEA2 /* ClinchCalculatorTests.swift */,
			);
			path = XomperTests;
			sourceTree = "<group>";
		};
		3E62B7EC555EA6961ADE3151 /* Team */ = {
			isa = PBXGroup;
			children = (
				BC44D14381C74E97D8AF868F /* PlayerDetailView.swift */,
				F51CC9357B13AB7ADD9C8586 /* TeamView.swift */,
			);
			path = Team;
			sourceTree = "<group>";
		};
		47014533E72495E9E9DC8F74 /* League */ = {
			isa = PBXGroup;
			children = (
				6F2C7D74B3584D53CE601054 /* MatchupDetailView.swift */,
				8521885A7FF4C6910DFBF549 /* MatchupsView.swift */,
				581D4F6F3EB8FC0547F49927 /* PlayoffBracketView.swift */,
				2B6C68E1131F2BBBE625DEAF /* RuleProposalFormView.swift */,
				C9382BCB18DFEB416A50A039 /* RulesView.swift */,
				E6A47FD1CF3BE7AE0B940DEC /* StandingsView.swift */,
				44F83A5F997AF6E13C98660E /* WorldCupView.swift */,
			);
			path = League;
			sourceTree = "<group>";
		};
		63D760DABF97E8F8E114722D /* Resources */ = {
			isa = PBXGroup;
			children = (
				6F2D6E80C100927C4C20FAD7 /* Assets.xcassets */,
				94DF42654C9F48EE60C040F7 /* Info.plist */,
			);
			path = Resources;
			sourceTree = "<group>";
		};
		6901B56E6449F5FCF4E986E7 /* TaxiSquad */ = {
			isa = PBXGroup;
			children = (
				57940AEB84889A20016648F2 /* TaxiSquadView.swift */,
				B66A2C896FE4C62CF9719D7A /* TaxiStealConfirmView.swift */,
			);
			path = TaxiSquad;
			sourceTree = "<group>";
		};
		6FCB5AB805D7BDEE3A200785 /* Config */ = {
			isa = PBXGroup;
			children = (
				E7F510E2F428E107F1AD75CD /* Config.swift */,
			);
			path = Config;
			sourceTree = "<group>";
		};
		7DEC053904198785F4461D4A /* Home */ = {
			isa = PBXGroup;
			children = (
				F6F606D0624D23D47A171D26 /* SearchResultGroup.swift */,
				323F422F2D0E1C2BA5D46C0A /* SearchResults.swift */,
				42F46A0AAE61A4E963BB15B0 /* SearchView.swift */,
			);
			path = Home;
			sourceTree = "<group>";
		};
		9D11A8E9A3D94E1378C15DEF /* Products */ = {
			isa = PBXGroup;
			children = (
				460030AF84E8D0E83D8F5896 /* Xomper.app */,
				ACCFF9888476668EBE7AA0CC /* XomperTests.xctest */,
			);
			name = Products;
			sourceTree = "<group>";
		};
		B3F6F3856481009365322743 /* Models */ = {
			isa = PBXGroup;
			children = (
				AD43D54AB620DABD559F8A40 /* CareerStats.swift */,
				18383A0375F5728A9E3FE065 /* Championship.swift */,
				7EECC0AA469B6BEE9D1AEFFE /* Draft.swift */,
				A789B8D49FA4430886626289 /* DraftHistory.swift */,
				FD88B55D96BD7C519B6B65B6 /* League.swift */,
				C83EF3C6C93199CF3FCBAE42 /* Matchup.swift */,
				45B52D5FD69B62417928B713 /* MatchupHistory.swift */,
				E1E5A60EE78F668F02CF63C0 /* NflState.swift */,
				22A99CAA9B57C1A0144DCA22 /* Player.swift */,
				6B160A8ED14F5BE08B79C7FA /* PlayoffBracket.swift */,
				42C8A3FA617E9FEB48852C45 /* Profile.swift */,
				AE543CB2E49335ADD02E8000 /* Roster.swift */,
				9B7C85CB880ABD7D373E49A6 /* RuleProposal.swift */,
				B29D510D87CD290AE7F76FBF /* StandingsTeam.swift */,
				A2DA1B65780757E6CC78CD61 /* TaxiSquadPlayer.swift */,
				9F49969EE42BDE6462664021 /* TradedPick.swift */,
				3747C6FC769C117588F8A93E /* WhitelistedLeague.swift */,
				E969C4A894017F9D0072CCFA /* WorldCup.swift */,
			);
			path = Models;
			sourceTree = "<group>";
		};
		CF0EB2B68A2AB44A16E88FB9 /* Shared */ = {
			isa = PBXGroup;
			children = (
				ECC70812B3E7E07BA6658A54 /* AvatarView.swift */,
				2B670A3A0762D22FB3202E1E /* DivisionBadge.swift */,
				A83A8FEFFD8FA91F498D03A0 /* EmptyStateView.swift */,
				DC24A8748C940FC57B142AFF /* ErrorView.swift */,
				DBD0F6820960B354EAB3E89D /* LoadingView.swift */,
				1AD376EFB7AD4A192FAB3E8F /* RecordBadge.swift */,
				DE3B178733D5AF9EB7DA7189 /* XomperLoader.swift */,
			);
			path = Shared;
			sourceTree = "<group>";
		};
		D257CB729EDFC6660FF4B0A8 /* Core */ = {
			isa = PBXGroup;
			children = (
				D8964B32007F666B41D138C5 /* Extensions */,
				B3F6F3856481009365322743 /* Models */,
				258608C1F12AB1DDE8EA751F /* Networking */,
				E7C39A75BB7E636569F65BF7 /* Notifications */,
				E1A7A2D932D868B1C49CE814 /* Stores */,
				E7C661C0A256DAE14C4C5532 /* Theme */,
			);
			path = Core;
			sourceTree = "<group>";
		};
		D35130CF3DC0C4469E9698DA /* Xomper */ = {
			isa = PBXGroup;
			children = (
				C1CD5644F6F8376CA86092AF /* Xomper.entitlements */,
				27302FD4ACE49B1C63222F13 /* App */,
				6FCB5AB805D7BDEE3A200785 /* Config */,
				D257CB729EDFC6660FF4B0A8 /* Core */,
				27CD6E130AD93E0D7EAA4B67 /* Features */,
				17EC53AFD40D386BDC28634C /* Navigation */,
				63D760DABF97E8F8E114722D /* Resources */,
			);
			path = Xomper;
			sourceTree = "<group>";
		};
		D8964B32007F666B41D138C5 /* Extensions */ = {
			isa = PBXGroup;
			children = (
				669A80C2A9F46A0C4612388C /* Double+Formatting.swift */,
				6504EE31A645398C41BC2ED1 /* EnvironmentValues+Season.swift */,
				F2452A5AEC270BE14CC085E1 /* URL+Sleeper.swift */,
			);
			path = Extensions;
			sourceTree = "<group>";
		};
		E1A7A2D932D868B1C49CE814 /* Stores */ = {
			isa = PBXGroup;
			children = (
				536B3E71286A0BC3A7CD8DA6 /* AuthStore.swift */,
				3728C5F6BEF61FE509A3EA32 /* ClinchCalculator.swift */,
				F013CD37874EFB0FA1CB4261 /* HistoryStore.swift */,
				56BB91320E3D5EBE1F777838 /* LeagueStore.swift */,
				94E125AD2AA5212D0EB4C13A /* NflStateStore.swift */,
				CC3F6B5022E8151683A45F4F /* PlayerStore.swift */,
				5FDC8A9B02A2BFD83398D04F /* RulesStore.swift */,
				E0C5F37100E6EBB467EBFE1C /* SearchStore.swift */,
				D7F3F1A18F4EEC5A3F81FD28 /* SeasonStore.swift */,
				957EE31D25CFE325633622D4 /* StandingsStore.swift */,
				6387E34B6FA70159F3F9D80A /* TaxiSquadStore.swift */,
				36A01820FD0F6643BBF8511D /* TeamStore.swift */,
				62948D0A455E7CE99B15CB75 /* UserStore.swift */,
				43E1C6D5A18697DE79586C1B /* WorldCupStore.swift */,
			);
			path = Stores;
			sourceTree = "<group>";
		};
		E7C39A75BB7E636569F65BF7 /* Notifications */ = {
			isa = PBXGroup;
			children = (
				CEAEC7A4917990425085AE71 /* PushNotificationManager.swift */,
			);
			path = Notifications;
			sourceTree = "<group>";
		};
		E7C661C0A256DAE14C4C5532 /* Theme */ = {
			isa = PBXGroup;
			children = (
				09DF8F2FE857C55AFB1C1205 /* NFLTeamColors.swift */,
				C82B0FEAAB9BC80BA0801E98 /* XomperColors.swift */,
				1FBB5433786555EDDBC896C7 /* XomperTheme.swift */,
			);
			path = Theme;
			sourceTree = "<group>";
		};
		EB7304EC920FBEC53F6E4CEB /* DraftHistory */ = {
			isa = PBXGroup;
			children = (
				B6060C3A4F2B355757F1E3A2 /* DraftHistoryView.swift */,
			);
			path = DraftHistory;
			sourceTree = "<group>";
		};
		FF14026FCCBB0BE58A6846CF = {
			isa = PBXGroup;
			children = (
				D35130CF3DC0C4469E9698DA /* Xomper */,
				391A14F36D43146CBE38D666 /* XomperTests */,
				9D11A8E9A3D94E1378C15DEF /* Products */,
			);
			sourceTree = "<group>";
		};
		FFD6BDBF7A1FAEFC60A31509 /* Shell */ = {
			isa = PBXGroup;
			children = (
				8D921732971689E8096F9549 /* DrawerScrim.swift */,
				ED3E9ADC138A5F405E59389C /* DrawerView.swift */,
				F1E7D0FD804723AC6A3E4298 /* HeaderBar.swift */,
				F4A254D17EF062523E09C9D4 /* MainShell.swift */,
				840D50097382434B0D123ACB /* NavigationStore.swift */,
				FD5AF5657020E1DBB5CB8886 /* SeasonPickerBar.swift */,
				E70E04168BDBA7D3372BB605 /* TrayDestination.swift */,
				3E4EC7FDB93C47A9EE601BA3 /* TrayItem.swift */,
				FF3FE7B1A468AA2569D95B20 /* TrayProfileCard.swift */,
				E1A497DF9DD9066BD24A1E19 /* TraySection.swift */,
			);
			path = Shell;
			sourceTree = "<group>";
		};
/* End PBXGroup section */

/* Begin PBXNativeTarget section */
		01BCCBEA9A65778F086DA1AE /* Xomper */ = {
			isa = PBXNativeTarget;
			buildConfigurationList = 4568C07142A3D24E6E2A8B45 /* Build configuration list for PBXNativeTarget "Xomper" */;
			buildPhases = (
				E14696B88B966463EB2548FF /* Sources */,
				9E0C400E9F6B226C562739A3 /* Resources */,
				0B705087252B401117FD2A43 /* Frameworks */,
			);
			buildRules = (
			);
			dependencies = (
			);
			name = Xomper;
			packageProductDependencies = (
				72178EB48829A7D249085476 /* Supabase */,
			);
			productName = Xomper;
			productReference = 460030AF84E8D0E83D8F5896 /* Xomper.app */;
			productType = "com.apple.product-type.application";
		};
		9D1498F6F1EE276C15F84822 /* XomperTests */ = {
			isa = PBXNativeTarget;
			buildConfigurationList = 0C72AA288B9E6499FB71620D /* Build configuration list for PBXNativeTarget "XomperTests" */;
			buildPhases = (
				932FB6525421E1633E87259E /* Sources */,
			);
			buildRules = (
			);
			dependencies = (
				C4510861533ADD704B754B54 /* PBXTargetDependency */,
			);
			name = XomperTests;
			packageProductDependencies = (
			);
			productName = XomperTests;
			productReference = ACCFF9888476668EBE7AA0CC /* XomperTests.xctest */;
			productType = "com.apple.product-type.bundle.unit-test";
		};
/* End PBXNativeTarget section */

/* Begin PBXProject section */
		BC3354FD7288A47D76144A98 /* Project object */ = {
			isa = PBXProject;
			attributes = {
				BuildIndependentTargetsInParallel = YES;
				LastUpgradeCheck = 1600;
				TargetAttributes = {
					01BCCBEA9A65778F086DA1AE = {
						DevelopmentTeam = A3HMLDS2AL;
						ProvisioningStyle = Automatic;
					};
					9D1498F6F1EE276C15F84822 = {
						DevelopmentTeam = A3HMLDS2AL;
						ProvisioningStyle = Automatic;
					};
				};
			};
			buildConfigurationList = C447B96EDC6FBDE519E0A25A /* Build configuration list for PBXProject "Xomper" */;
			developmentRegion = en;
			hasScannedForEncodings = 0;
			knownRegions = (
				Base,
				en,
			);
			mainGroup = FF14026FCCBB0BE58A6846CF;
			minimizedProjectReferenceProxies = 1;
			packageReferences = (
				CDAF52FD48D528E40C4C5AA9 /* XCRemoteSwiftPackageReference "supabase-swift" */,
			);
			preferredProjectObjectVersion = 77;
			productRefGroup = 9D11A8E9A3D94E1378C15DEF /* Products */;
			projectDirPath = "";
			projectRoot = "";
			targets = (
				01BCCBEA9A65778F086DA1AE /* Xomper */,
				9D1498F6F1EE276C15F84822 /* XomperTests */,
			);
		};
/* End PBXProject section */

/* Begin PBXResourcesBuildPhase section */
		9E0C400E9F6B226C562739A3 /* Resources */ = {
			isa = PBXResourcesBuildPhase;
			buildActionMask = 2147483647;
			files = (
				8E8B3EC17A43676ACA176FC3 /* Assets.xcassets in Resources */,
			);
			runOnlyForDeploymentPostprocessing = 0;
		};
/* End PBXResourcesBuildPhase section */

/* Begin PBXSourcesBuildPhase section */
		932FB6525421E1633E87259E /* Sources */ = {
			isa = PBXSourcesBuildPhase;
			buildActionMask = 2147483647;
			files = (
				02AC6FBAE68011749AA17644 /* ClinchCalculatorTests.swift in Sources */,
			);
			runOnlyForDeploymentPostprocessing = 0;
		};
		E14696B88B966463EB2548FF /* Sources */ = {
			isa = PBXSourcesBuildPhase;
			buildActionMask = 2147483647;
			files = (
				9D9E8D2C4A8A0C623AC1EF0D /* AppDelegate.swift in Sources */,
				8C67D3AAFE5A0A124BDE5F1A /* AppRouter.swift in Sources */,
				D78D5302B3D17DE9BE7D557C /* AuthGateView.swift in Sources */,
				602B6E0F6BCF1DA7E3D75F07 /* AuthStore.swift in Sources */,
				C1D86EAE02F0D6EA70291876 /* AvatarView.swift in Sources */,
				6010F16122E110BA50642611 /* CareerStats.swift in Sources */,
				C381DCE8472D2F88B04FCBDA /* CareerStatsSection.swift in Sources */,
				366C0075FA9F4ABA1C88C1A9 /* Championship.swift in Sources */,
				9134D2C8A8737083C9FB8F7F /* ClinchCalculator.swift in Sources */,
				2F50FD9BC26550139DAD2E96 /* Config.swift in Sources */,
				578172B9CCF7AD92CB66821E /* ContentView.swift in Sources */,
				0C2B77E0A46ECE55AE8CE46F /* DivisionBadge.swift in Sources */,
				A28A24923C27CF0929ED97E1 /* Double+Formatting.swift in Sources */,
				1C4049A62CC4A443AC38E464 /* Draft.swift in Sources */,
				4E0CAC9964BF3F2B59EDD844 /* DraftHistory.swift in Sources */,
				3B67875F822BE9AA9BD052EF /* DraftHistoryView.swift in Sources */,
				3B1DDBCA7B19B8703FAF717E /* DrawerScrim.swift in Sources */,
				817EEBDA82021E74A830E1B3 /* DrawerView.swift in Sources */,
				72FF7B4516B2DCDAE4683B9D /* EmptyStateView.swift in Sources */,
				556BA960B3DFFACAB2F3DFA6 /* EnvironmentValues+Season.swift in Sources */,
				60FB3A9B54EAB11F015C1828 /* ErrorView.swift in Sources */,
				EDDACB3FFB20E468D9D9D67D /* HeaderBar.swift in Sources */,
				063FCD6AA342CA5D64ED79ED /* HistoryStore.swift in Sources */,
				114998283E6705D075ED2CA7 /* League.swift in Sources */,
				724482308D102AFA35AB4017 /* LeagueStore.swift in Sources */,
				83E71E429B2F8B4B7AEBAB96 /* LoadingView.swift in Sources */,
				A4D93DF4C02A8DE6C695CE4D /* LoginView.swift in Sources */,
				2F60B09D13BABD5E49B3DCBF /* MainShell.swift in Sources */,
				D106F60A597D780F32FFA5E8 /* Matchup.swift in Sources */,
				D09FC43EBE71A0DFF28B83D2 /* MatchupDetailView.swift in Sources */,
				2378DF41F2BB3933117897A7 /* MatchupHistory.swift in Sources */,
				7EA8F8FCEFFE3C165655208C /* MatchupHistoryView.swift in Sources */,
				16F47DD114B2470F88D007A5 /* MatchupsView.swift in Sources */,
				9E5C71DAB504EDCDF2084DF3 /* MyProfileView.swift in Sources */,
				FAE7847413A293EF8CE9090C /* NFLTeamColors.swift in Sources */,
				021A039E220940CD2E12304A /* NavigationStore.swift in Sources */,
				7E34464209AAF9EC6801191A /* NflState.swift in Sources */,
				CF4CEF4E2FE7A891950A2E17 /* NflStateStore.swift in Sources */,
				C9D656F4702A3483BB8E970C /* Player.swift in Sources */,
				4DB9374CF45A69E97C02FC94 /* PlayerDetailView.swift in Sources */,
				FCD03562C1879183A5DC02E2 /* PlayerStore.swift in Sources */,
				F201A3A40D624F6AAA0C0CC1 /* PlayoffBracket.swift in Sources */,
				CB47F51AA46AEBC59183C449 /* PlayoffBracketView.swift in Sources */,
				6C89029D05AEE66FB2315616 /* Profile.swift in Sources */,
				77A0EFCEE4340D3A7853BF08 /* ProfileView.swift in Sources */,
				7D94ADAC136455C3056D5867 /* PushNotificationManager.swift in Sources */,
				76260F26A40213A62E5F22FB /* RecordBadge.swift in Sources */,
				54863F3F6ECDD3BE00083582 /* Roster.swift in Sources */,
				CFE915FD4020FDEB923157C2 /* RuleProposal.swift in Sources */,
				1D279CC4379E6F068F2615DE /* RuleProposalFormView.swift in Sources */,
				133F58C70F4FA02676079E9A /* RulesStore.swift in Sources */,
				80E6A85F05ED2AFFC648FAFA /* RulesView.swift in Sources */,
				51BD6DAC467108079C465193 /* SearchResultGroup.swift in Sources */,
				4B629DB100C96EB68A6A9A41 /* SearchResults.swift in Sources */,
				A379F9D71FE84EC4F3A2499C /* SearchStore.swift in Sources */,
				F7E0A8B9AECD0291527E0D0E /* SearchView.swift in Sources */,
				143F0C4F56D88430BDC07B2A /* SeasonPickerBar.swift in Sources */,
				BB91E92DC29E6ECA5E1F0DEC /* SeasonStore.swift in Sources */,
				77CFB7F9C5E4975E6350662B /* SettingsView.swift in Sources */,
				65DC95B6907B22347616C3D7 /* SleeperAPIClient.swift in Sources */,
				B48B9F6061A67CFC74A096CC /* StandingsStore.swift in Sources */,
				7607DB7C775FCCC3B7C3377B /* StandingsTeam.swift in Sources */,
				98F895FBCECB23325658339C /* StandingsView.swift in Sources */,
				BDD14CA33B905F7A31910B1D /* SupabaseManager.swift in Sources */,
				1D74425C19EE5C00589214C3 /* TaxiSquadPlayer.swift in Sources */,
				86412A35609319AF08D413D3 /* TaxiSquadStore.swift in Sources */,
				08251EFB3181B634553CDCE1 /* TaxiSquadView.swift in Sources */,
				D7A95C32621E03E2AAB37327 /* TaxiStealConfirmView.swift in Sources */,
				40C507B6FB2EF2A7E647AA3C /* TeamStore.swift in Sources */,
				B7EB06298BFBF6AC76ABF53E /* TeamView.swift in Sources */,
				57C17293587E8DBED9A14970 /* TradedPick.swift in Sources */,
				78094B6DF90F54E0FA59898A /* TrayDestination.swift in Sources */,
				95DE1C46E20BF6910D4E5447 /* TrayItem.swift in Sources */,
				284F17C4CD26363D19756E03 /* TrayProfileCard.swift in Sources */,
				CDA1A124C81E1FF5127BEE2C /* TraySection.swift in Sources */,
				775985FFAD33E6481C34174A /* TrophyCaseCard.swift in Sources */,
				65444EF8D83F3582CE2FC023 /* TrophyCaseSection.swift in Sources */,
				F5AD059EF52A068C469AFB6E /* URL+Sleeper.swift in Sources */,
				E2EC532916CAA2FBB779DB35 /* UserStore.swift in Sources */,
				F57132F0D80EAB60AC0E07F3 /* WhitelistedLeague.swift in Sources */,
				61EBC3AC052763EAAC807AC9 /* WorldCup.swift in Sources */,
				901F54CB41785D269CC63160 /* WorldCupStore.swift in Sources */,
				BBBE8D43F297A49A915AA789 /* WorldCupView.swift in Sources */,
				E1D933F9B0C3E87F9C1C907A /* XomperAPIClient.swift in Sources */,
				1A9D12F3D247BD472801D26D /* XomperApp.swift in Sources */,
				194BED1749B3F623C8D732DE /* XomperColors.swift in Sources */,
				427F23653F78A52108C55692 /* XomperLoader.swift in Sources */,
				2F09FBAE23D8109C931D63A9 /* XomperTheme.swift in Sources */,
			);
			runOnlyForDeploymentPostprocessing = 0;
		};
/* End PBXSourcesBuildPhase section */

/* Begin PBXTargetDependency section */
		C4510861533ADD704B754B54 /* PBXTargetDependency */ = {
			isa = PBXTargetDependency;
			target = 01BCCBEA9A65778F086DA1AE /* Xomper */;
			targetProxy = 79810B120AB5B95C9CAF22BA /* PBXContainerItemProxy */;
		};
/* End PBXTargetDependency section */

/* Begin XCBuildConfiguration section */
		0FF38452827C9F38FB4B1E52 /* Release */ = {
			isa = XCBuildConfiguration;
			buildSettings = {
				ASSETCATALOG_COMPILER_APPICON_NAME = AppIcon;
				CODE_SIGN_ALLOW_ENTITLEMENTS_MODIFICATION = YES;
				CODE_SIGN_ENTITLEMENTS = Xomper/Xomper.entitlements;
				CODE_SIGN_IDENTITY = "Apple Development";
				CURRENT_PROJECT_VERSION = 1;
				GENERATE_INFOPLIST_FILE = NO;
				INFOPLIST_FILE = Xomper/Resources/Info.plist;
				LD_RUNPATH_SEARCH_PATHS = (
					"$(inherited)",
					"@executable_path/Frameworks",
				);
				MARKETING_VERSION = 1.0.0;
				PRODUCT_BUNDLE_IDENTIFIER = com.Xomware.Xomper;
				PROVISIONING_PROFILE_SPECIFIER = "";
				SDKROOT = iphoneos;
				SUPPORTED_INTERFACE_ORIENTATIONS = UIInterfaceOrientationPortrait;
				"SUPPORTED_INTERFACE_ORIENTATIONS~ipad" = "UIInterfaceOrientationPortrait UIInterfaceOrientationPortraitUpsideDown UIInterfaceOrientationLandscapeLeft UIInterfaceOrientationLandscapeRight";
				TARGETED_DEVICE_FAMILY = "1,2";
			};
			name = Release;
		};
		2DA676794B8BD48F6782A624 /* Release */ = {
			isa = XCBuildConfiguration;
			buildSettings = {
				ALWAYS_SEARCH_USER_PATHS = NO;
				CLANG_ANALYZER_NONNULL = YES;
				CLANG_ANALYZER_NUMBER_OBJECT_CONVERSION = YES_AGGRESSIVE;
				CLANG_CXX_LANGUAGE_STANDARD = "gnu++14";
				CLANG_CXX_LIBRARY = "libc++";
				CLANG_ENABLE_MODULES = YES;
				CLANG_ENABLE_OBJC_ARC = YES;
				CLANG_ENABLE_OBJC_WEAK = YES;
				CLANG_WARN_BLOCK_CAPTURE_AUTORELEASING = YES;
				CLANG_WARN_BOOL_CONVERSION = YES;
				CLANG_WARN_COMMA = YES;
				CLANG_WARN_CONSTANT_CONVERSION = YES;
				CLANG_WARN_DEPRECATED_OBJC_IMPLEMENTATIONS = YES;
				CLANG_WARN_DIRECT_OBJC_ISA_USAGE = YES_ERROR;
				CLANG_WARN_DOCUMENTATION_COMMENTS = YES;
				CLANG_WARN_EMPTY_BODY = YES;
				CLANG_WARN_ENUM_CONVERSION = YES;
				CLANG_WARN_INFINITE_RECURSION = YES;
				CLANG_WARN_INT_CONVERSION = YES;
				CLANG_WARN_NON_LITERAL_NULL_CONVERSION = YES;
				CLANG_WARN_OBJC_IMPLICIT_RETAIN_SELF = YES;
				CLANG_WARN_OBJC_LITERAL_CONVERSION = YES;
				CLANG_WARN_OBJC_ROOT_CLASS = YES_ERROR;
				CLANG_WARN_QUOTED_INCLUDE_IN_FRAMEWORK_HEADER = YES;
				CLANG_WARN_RANGE_LOOP_ANALYSIS = YES;
				CLANG_WARN_STRICT_PROTOTYPES = YES;
				CLANG_WARN_SUSPICIOUS_MOVE = YES;
				CLANG_WARN_UNGUARDED_AVAILABILITY = YES_AGGRESSIVE;
				CLANG_WARN_UNREACHABLE_CODE = YES;
				CLANG_WARN__DUPLICATE_METHOD_MATCH = YES;
				CODE_SIGN_STYLE = Automatic;
				COPY_PHASE_STRIP = NO;
				DEBUG_INFORMATION_FORMAT = "dwarf-with-dsym";
				DEVELOPMENT_TEAM = A3HMLDS2AL;
				ENABLE_NS_ASSERTIONS = NO;
				ENABLE_STRICT_OBJC_MSGSEND = YES;
				GCC_C_LANGUAGE_STANDARD = gnu11;
				GCC_NO_COMMON_BLOCKS = YES;
				GCC_WARN_64_TO_32_BIT_CONVERSION = YES;
				GCC_WARN_ABOUT_RETURN_TYPE = YES_ERROR;
				GCC_WARN_UNDECLARED_SELECTOR = YES;
				GCC_WARN_UNINITIALIZED_AUTOS = YES_AGGRESSIVE;
				GCC_WARN_UNUSED_FUNCTION = YES;
				GCC_WARN_UNUSED_VARIABLE = YES;
				IPHONEOS_DEPLOYMENT_TARGET = 17.0;
				MTL_ENABLE_DEBUG_INFO = NO;
				MTL_FAST_MATH = YES;
				PRODUCT_NAME = "$(TARGET_NAME)";
				SDKROOT = iphoneos;
				SWIFT_COMPILATION_MODE = wholemodule;
				SWIFT_OPTIMIZATION_LEVEL = "-O";
				SWIFT_STRICT_CONCURRENCY = complete;
				SWIFT_VERSION = 6.0;
				TARGETED_DEVICE_FAMILY = "1,2";
			};
			name = Release;
		};
		2E99784FA38FA7A14B16DA81 /* Debug */ = {
			isa = XCBuildConfiguration;
			buildSettings = {
				ALWAYS_SEARCH_USER_PATHS = NO;
				CLANG_ANALYZER_NONNULL = YES;
				CLANG_ANALYZER_NUMBER_OBJECT_CONVERSION = YES_AGGRESSIVE;
				CLANG_CXX_LANGUAGE_STANDARD = "gnu++14";
				CLANG_CXX_LIBRARY = "libc++";
				CLANG_ENABLE_MODULES = YES;
				CLANG_ENABLE_OBJC_ARC = YES;
				CLANG_ENABLE_OBJC_WEAK = YES;
				CLANG_WARN_BLOCK_CAPTURE_AUTORELEASING = YES;
				CLANG_WARN_BOOL_CONVERSION = YES;
				CLANG_WARN_COMMA = YES;
				CLANG_WARN_CONSTANT_CONVERSION = YES;
				CLANG_WARN_DEPRECATED_OBJC_IMPLEMENTATIONS = YES;
				CLANG_WARN_DIRECT_OBJC_ISA_USAGE = YES_ERROR;
				CLANG_WARN_DOCUMENTATION_COMMENTS = YES;
				CLANG_WARN_EMPTY_BODY = YES;
				CLANG_WARN_ENUM_CONVERSION = YES;
				CLANG_WARN_INFINITE_RECURSION = YES;
				CLANG_WARN_INT_CONVERSION = YES;
				CLANG_WARN_NON_LITERAL_NULL_CONVERSION = YES;
				CLANG_WARN_OBJC_IMPLICIT_RETAIN_SELF = YES;
				CLANG_WARN_OBJC_LITERAL_CONVERSION = YES;
				CLANG_WARN_OBJC_ROOT_CLASS = YES_ERROR;
				CLANG_WARN_QUOTED_INCLUDE_IN_FRAMEWORK_HEADER = YES;
				CLANG_WARN_RANGE_LOOP_ANALYSIS = YES;
				CLANG_WARN_STRICT_PROTOTYPES = YES;
				CLANG_WARN_SUSPICIOUS_MOVE = YES;
				CLANG_WARN_UNGUARDED_AVAILABILITY = YES_AGGRESSIVE;
				CLANG_WARN_UNREACHABLE_CODE = YES;
				CLANG_WARN__DUPLICATE_METHOD_MATCH = YES;
				CODE_SIGN_STYLE = Automatic;
				COPY_PHASE_STRIP = NO;
				DEBUG_INFORMATION_FORMAT = dwarf;
				DEVELOPMENT_TEAM = A3HMLDS2AL;
				ENABLE_STRICT_OBJC_MSGSEND = YES;
				ENABLE_TESTABILITY = YES;
				GCC_C_LANGUAGE_STANDARD = gnu11;
				GCC_DYNAMIC_NO_PIC = NO;
				GCC_NO_COMMON_BLOCKS = YES;
				GCC_OPTIMIZATION_LEVEL = 0;
				GCC_PREPROCESSOR_DEFINITIONS = (
					"$(inherited)",
					"DEBUG=1",
				);
				GCC_WARN_64_TO_32_BIT_CONVERSION = YES;
				GCC_WARN_ABOUT_RETURN_TYPE = YES_ERROR;
				GCC_WARN_UNDECLARED_SELECTOR = YES;
				GCC_WARN_UNINITIALIZED_AUTOS = YES_AGGRESSIVE;
				GCC_WARN_UNUSED_FUNCTION = YES;
				GCC_WARN_UNUSED_VARIABLE = YES;
				IPHONEOS_DEPLOYMENT_TARGET = 17.0;
				MTL_ENABLE_DEBUG_INFO = INCLUDE_SOURCE;
				MTL_FAST_MATH = YES;
				ONLY_ACTIVE_ARCH = YES;
				PRODUCT_NAME = "$(TARGET_NAME)";
				SDKROOT = iphoneos;
				SWIFT_ACTIVE_COMPILATION_CONDITIONS = DEBUG;
				SWIFT_OPTIMIZATION_LEVEL = "-Onone";
				SWIFT_STRICT_CONCURRENCY = complete;
				SWIFT_VERSION = 6.0;
				TARGETED_DEVICE_FAMILY = "1,2";
			};
			name = Debug;
		};
		6BC7DA348F2AA23CC70F84D7 /* Debug */ = {
			isa = XCBuildConfiguration;
			buildSettings = {
				BUNDLE_LOADER = "$(TEST_HOST)";
				GENERATE_INFOPLIST_FILE = YES;
				LD_RUNPATH_SEARCH_PATHS = (
					"$(inherited)",
					"@executable_path/Frameworks",
					"@loader_path/Frameworks",
				);
				PRODUCT_BUNDLE_IDENTIFIER = com.xomware.XomperTests;
				SDKROOT = iphoneos;
				TARGETED_DEVICE_FAMILY = "1,2";
				TEST_HOST = "$(BUILT_PRODUCTS_DIR)/Xomper.app/Xomper";
			};
			name = Debug;
		};
		751EBEEC4605CFBE692770E7 /* Release */ = {
			isa = XCBuildConfiguration;
			buildSettings = {
				BUNDLE_LOADER = "$(TEST_HOST)";
				GENERATE_INFOPLIST_FILE = YES;
				LD_RUNPATH_SEARCH_PATHS = (
					"$(inherited)",
					"@executable_path/Frameworks",
					"@loader_path/Frameworks",
				);
				PRODUCT_BUNDLE_IDENTIFIER = com.xomware.XomperTests;
				SDKROOT = iphoneos;
				TARGETED_DEVICE_FAMILY = "1,2";
				TEST_HOST = "$(BUILT_PRODUCTS_DIR)/Xomper.app/Xomper";
			};
			name = Release;
		};
		E5F7904928DC64A0D6628B93 /* Debug */ = {
			isa = XCBuildConfiguration;
			buildSettings = {
				ASSETCATALOG_COMPILER_APPICON_NAME = AppIcon;
				CODE_SIGN_ALLOW_ENTITLEMENTS_MODIFICATION = YES;
				CODE_SIGN_ENTITLEMENTS = Xomper/Xomper.entitlements;
				CODE_SIGN_IDENTITY = "Apple Development";
				CURRENT_PROJECT_VERSION = 1;
				GENERATE_INFOPLIST_FILE = NO;
				INFOPLIST_FILE = Xomper/Resources/Info.plist;
				LD_RUNPATH_SEARCH_PATHS = (
					"$(inherited)",
					"@executable_path/Frameworks",
				);
				MARKETING_VERSION = 1.0.0;
				PRODUCT_BUNDLE_IDENTIFIER = com.Xomware.Xomper;
				PROVISIONING_PROFILE_SPECIFIER = "";
				SDKROOT = iphoneos;
				SUPPORTED_INTERFACE_ORIENTATIONS = UIInterfaceOrientationPortrait;
				"SUPPORTED_INTERFACE_ORIENTATIONS~ipad" = "UIInterfaceOrientationPortrait UIInterfaceOrientationPortraitUpsideDown UIInterfaceOrientationLandscapeLeft UIInterfaceOrientationLandscapeRight";
				TARGETED_DEVICE_FAMILY = "1,2";
			};
			name = Debug;
		};
/* End XCBuildConfiguration section */

/* Begin XCConfigurationList section */
		0C72AA288B9E6499FB71620D /* Build configuration list for PBXNativeTarget "XomperTests" */ = {
			isa = XCConfigurationList;
			buildConfigurations = (
				6BC7DA348F2AA23CC70F84D7 /* Debug */,
				751EBEEC4605CFBE692770E7 /* Release */,
			);
			defaultConfigurationIsVisible = 0;
			defaultConfigurationName = Release;
		};
		4568C07142A3D24E6E2A8B45 /* Build configuration list for PBXNativeTarget "Xomper" */ = {
			isa = XCConfigurationList;
			buildConfigurations = (
				E5F7904928DC64A0D6628B93 /* Debug */,
				0FF38452827C9F38FB4B1E52 /* Release */,
			);
			defaultConfigurationIsVisible = 0;
			defaultConfigurationName = Release;
		};
		C447B96EDC6FBDE519E0A25A /* Build configuration list for PBXProject "Xomper" */ = {
			isa = XCConfigurationList;
			buildConfigurations = (
				2E99784FA38FA7A14B16DA81 /* Debug */,
				2DA676794B8BD48F6782A624 /* Release */,
			);
			defaultConfigurationIsVisible = 0;
			defaultConfigurationName = Release;
		};
/* End XCConfigurationList section */

/* Begin XCRemoteSwiftPackageReference section */
		CDAF52FD48D528E40C4C5AA9 /* XCRemoteSwiftPackageReference "supabase-swift" */ = {
			isa = XCRemoteSwiftPackageReference;
			repositoryURL = "https://github.com/supabase/supabase-swift.git";
			requirement = {
				kind = upToNextMajorVersion;
				minimumVersion = 2.41.1;
			};
		};
/* End XCRemoteSwiftPackageReference section */

/* Begin XCSwiftPackageProductDependency section */
		72178EB48829A7D249085476 /* Supabase */ = {
			isa = XCSwiftPackageProductDependency;
			package = CDAF52FD48D528E40C4C5AA9 /* XCRemoteSwiftPackageReference "supabase-swift" */;
			productName = Supabase;
		};
/* End XCSwiftPackageProductDependency section */
	};
	rootObject = BC3354FD7288A47D76144A98 /* Project object */;
}
